
Microsoft Visual Studio Solution File, Format Version 12.00
# Visual Studio 15
VisualStudioVersion = 15.0.25914.0
MinimumVisualStudioVersion = 10.0.40219.1
Project("{FAE04EC0-301F-11D3-BF4B-00C04F79EFBC}") = "GameMover", "GameMover\GameMover.csproj", "{441E1C89-6B17-45E7-9E4D-3BF20423C23E}"
EndProject
Project("{FAE04EC0-301F-11D3-BF4B-00C04F79EFBC}") = "GameMover.Tests", "Test\GameMover.Tests.csproj", "{98069F2E-E28A-4661-B6CB-04F9470B9772}"
EndProject
Project("{FAE04EC0-301F-11D3-BF4B-00C04F79EFBC}") = "Utilities.Tests", "Utilities.Tests\Utilities.Tests.csproj", "{14727772-5196-4213-8768-EDC3CA1098E1}"
EndProject
Project("{FAE04EC0-301F-11D3-BF4B-00C04F79EFBC}") = "TestingUtilities", "TestingUtilities\TestingUtilities.csproj", "{FD57A314-9B85-4697-AE8C-DABD76A2B890}"
EndProject
Project("{9A19103F-16F7-4668-BE54-9A1E7A4F7556}") = "Utilities", "Utilities\Utilities.csproj", "{DAEDBE3F-05B4-4B40-8966-FBBD62A23D8A}"
EndProject
Global
	GlobalSection(SolutionConfigurationPlatforms) = preSolution
		Debug|Any CPU = Debug|Any CPU
		Release|Any CPU = Release|Any CPU
		Release-Signed|Any CPU = Release-Signed|Any CPU
		Test|Any CPU = Test|Any CPU
	EndGlobalSection
	GlobalSection(ProjectConfigurationPlatforms) = postSolution
		{441E1C89-6B17-45E7-9E4D-3BF20423C23E}.Debug|Any CPU.ActiveCfg = Debug|Any CPU
		{441E1C89-6B17-45E7-9E4D-3BF20423C23E}.Debug|Any CPU.Build.0 = Debug|Any CPU
		{441E1C89-6B17-45E7-9E4D-3BF20423C23E}.Release|Any CPU.ActiveCfg = Release|Any CPU
		{441E1C89-6B17-45E7-9E4D-3BF20423C23E}.Release|Any CPU.Build.0 = Release|Any CPU
		{441E1C89-6B17-45E7-9E4D-3BF20423C23E}.Release-Signed|Any CPU.ActiveCfg = Release|Any CPU
		{441E1C89-6B17-45E7-9E4D-3BF20423C23E}.Release-Signed|Any CPU.Build.0 = Release|Any CPU
		{441E1C89-6B17-45E7-9E4D-3BF20423C23E}.Test|Any CPU.ActiveCfg = Release|Any CPU
		{441E1C89-6B17-45E7-9E4D-3BF20423C23E}.Test|Any CPU.Build.0 = Release|Any CPU
		{98069F2E-E28A-4661-B6CB-04F9470B9772}.Debug|Any CPU.ActiveCfg = Debug|Any CPU
		{98069F2E-E28A-4661-B6CB-04F9470B9772}.Debug|Any CPU.Build.0 = Debug|Any CPU
		{98069F2E-E28A-4661-B6CB-04F9470B9772}.Release|Any CPU.ActiveCfg = Release|Any CPU
		{98069F2E-E28A-4661-B6CB-04F9470B9772}.Release|Any CPU.Build.0 = Release|Any CPU
		{98069F2E-E28A-4661-B6CB-04F9470B9772}.Release-Signed|Any CPU.ActiveCfg = Release|Any CPU
		{98069F2E-E28A-4661-B6CB-04F9470B9772}.Release-Signed|Any CPU.Build.0 = Release|Any CPU
		{98069F2E-E28A-4661-B6CB-04F9470B9772}.Test|Any CPU.ActiveCfg = Release|Any CPU
		{98069F2E-E28A-4661-B6CB-04F9470B9772}.Test|Any CPU.Build.0 = Release|Any CPU
		{14727772-5196-4213-8768-EDC3CA1098E1}.Debug|Any CPU.ActiveCfg = Debug|Any CPU
		{14727772-5196-4213-8768-EDC3CA1098E1}.Debug|Any CPU.Build.0 = Debug|Any CPU
		{14727772-5196-4213-8768-EDC3CA1098E1}.Release|Any CPU.ActiveCfg = Release|Any CPU
		{14727772-5196-4213-8768-EDC3CA1098E1}.Release|Any CPU.Build.0 = Release|Any CPU
		{14727772-5196-4213-8768-EDC3CA1098E1}.Release-Signed|Any CPU.ActiveCfg = Release|Any CPU
		{14727772-5196-4213-8768-EDC3CA1098E1}.Release-Signed|Any CPU.Build.0 = Release|Any CPU
		{14727772-5196-4213-8768-EDC3CA1098E1}.Test|Any CPU.ActiveCfg = Release|Any CPU
		{14727772-5196-4213-8768-EDC3CA1098E1}.Test|Any CPU.Build.0 = Release|Any CPU
		{FD57A314-9B85-4697-AE8C-DABD76A2B890}.Debug|Any CPU.ActiveCfg = Debug|Any CPU
		{FD57A314-9B85-4697-AE8C-DABD76A2B890}.Debug|Any CPU.Build.0 = Debug|Any CPU
		{FD57A314-9B85-4697-AE8C-DABD76A2B890}.Release|Any CPU.ActiveCfg = Release|Any CPU
		{FD57A314-9B85-4697-AE8C-DABD76A2B890}.Release|Any CPU.Build.0 = Release|Any CPU
		{FD57A314-9B85-4697-AE8C-DABD76A2B890}.Release-Signed|Any CPU.ActiveCfg = Release|Any CPU
		{FD57A314-9B85-4697-AE8C-DABD76A2B890}.Release-Signed|Any CPU.Build.0 = Release|Any CPU
		{FD57A314-9B85-4697-AE8C-DABD76A2B890}.Test|Any CPU.ActiveCfg = Release|Any CPU
		{FD57A314-9B85-4697-AE8C-DABD76A2B890}.Test|Any CPU.Build.0 = Release|Any CPU
		{DAEDBE3F-05B4-4B40-8966-FBBD62A23D8A}.Debug|Any CPU.ActiveCfg = Debug|Any CPU
		{DAEDBE3F-05B4-4B40-8966-FBBD62A23D8A}.Debug|Any CPU.Build.0 = Debug|Any CPU
		{DAEDBE3F-05B4-4B40-8966-FBBD62A23D8A}.Debug|Any CPU.Deploy.0 = Debug|Any CPU
		{DAEDBE3F-05B4-4B40-8966-FBBD62A23D8A}.Release|Any CPU.ActiveCfg = Debug|Any CPU
		{DAEDBE3F-05B4-4B40-8966-FBBD62A23D8A}.Release|Any CPU.Build.0 = Debug|Any CPU
		{DAEDBE3F-05B4-4B40-8966-FBBD62A23D8A}.Release-Signed|Any CPU.ActiveCfg = Debug|Any CPU
		{DAEDBE3F-05B4-4B40-8966-FBBD62A23D8A}.Release-Signed|Any CPU.Build.0 = Debug|Any CPU
		{DAEDBE3F-05B4-4B40-8966-FBBD62A23D8A}.Test|Any CPU.ActiveCfg = Debug|Any CPU
		{DAEDBE3F-05B4-4B40-8966-FBBD62A23D8A}.Test|Any CPU.Build.0 = Debug|Any CPU
	EndGlobalSection
	GlobalSection(SolutionProperties) = preSolution
		HideSolutionNode = FALSE
	EndGlobalSection
EndGlobal
