
Microsoft Visual Studio Solution File, Format Version 12.00
# Visual Studio 15
VisualStudioVersion = 15.0.26228.9
MinimumVisualStudioVersion = 10.0.40219.1
Project("{FAE04EC0-301F-11D3-BF4B-00C04F79EFBC}") = "Junctionizer", "Junctionizer\Junctionizer.csproj", "{441E1C89-6B17-45E7-9E4D-3BF20423C23E}"
EndProject
Project("{FAE04EC0-301F-11D3-BF4B-00C04F79EFBC}") = "Junctionizer.Tests", "Junctionizer.Tests\Junctionizer.Tests.csproj", "{98069F2E-E28A-4661-B6CB-04F9470B9772}"
EndProject
Project("{FAE04EC0-301F-11D3-BF4B-00C04F79EFBC}") = "Utilities.Tests", "Utilities.Tests\Utilities.Tests.csproj", "{14727772-5196-4213-8768-EDC3CA1098E1}"
EndProject
Project("{FAE04EC0-301F-11D3-BF4B-00C04F79EFBC}") = "TestingUtilities", "TestingUtilities\TestingUtilities.csproj", "{FD57A314-9B85-4697-AE8C-DABD76A2B890}"
EndProject
Project("{FAE04EC0-301F-11D3-BF4B-00C04F79EFBC}") = "Utilities", "Utilities\Utilities.csproj", "{60CCA455-4F93-48E4-A729-9F29B16C2C0F}"
EndProject
Project("{FAE04EC0-301F-11D3-BF4B-00C04F79EFBC}") = "Temporary", "Temporary\Temporary.csproj", "{1EF8E070-1EB6-478B-8B14-2CE8D4646421}"
EndProject
Project("{2150E333-8FDC-42A3-9474-1A3956D46DE8}") = "Solution Items", "Solution Items", "{A4AE6CA9-92E0-4EC1-BC0C-33B82B38AB03}"
	ProjectSection(SolutionItems) = preProject
		LICENSE.txt = LICENSE.txt
		README.md = README.md
	EndProjectSection
EndProject
Global
	GlobalSection(SolutionConfigurationPlatforms) = preSolution
		Debug|Any CPU = Debug|Any CPU
		Debug|x86 = Debug|x86
		Release|Any CPU = Release|Any CPU
		Release|x86 = Release|x86
	EndGlobalSection
	GlobalSection(ProjectConfigurationPlatforms) = postSolution
		{441E1C89-6B17-45E7-9E4D-3BF20423C23E}.Debug|Any CPU.ActiveCfg = Debug|Any CPU
		{441E1C89-6B17-45E7-9E4D-3BF20423C23E}.Debug|Any CPU.Build.0 = Debug|Any CPU
		{441E1C89-6B17-45E7-9E4D-3BF20423C23E}.Debug|x86.ActiveCfg = Debug|Any CPU
		{441E1C89-6B17-45E7-9E4D-3BF20423C23E}.Debug|x86.Build.0 = Debug|Any CPU
		{441E1C89-6B17-45E7-9E4D-3BF20423C23E}.Release|Any CPU.ActiveCfg = Release|Any CPU
		{441E1C89-6B17-45E7-9E4D-3BF20423C23E}.Release|Any CPU.Build.0 = Release|Any CPU
		{441E1C89-6B17-45E7-9E4D-3BF20423C23E}.Release|x86.ActiveCfg = Release|Any CPU
		{441E1C89-6B17-45E7-9E4D-3BF20423C23E}.Release|x86.Build.0 = Release|Any CPU
		{98069F2E-E28A-4661-B6CB-04F9470B9772}.Debug|Any CPU.ActiveCfg = Debug|Any CPU
		{98069F2E-E28A-4661-B6CB-04F9470B9772}.Debug|Any CPU.Build.0 = Debug|Any CPU
		{98069F2E-E28A-4661-B6CB-04F9470B9772}.Debug|x86.ActiveCfg = Debug|Any CPU
		{98069F2E-E28A-4661-B6CB-04F9470B9772}.Debug|x86.Build.0 = Debug|Any CPU
		{98069F2E-E28A-4661-B6CB-04F9470B9772}.Release|Any CPU.ActiveCfg = Release|Any CPU
		{98069F2E-E28A-4661-B6CB-04F9470B9772}.Release|Any CPU.Build.0 = Release|Any CPU
		{98069F2E-E28A-4661-B6CB-04F9470B9772}.Release|x86.ActiveCfg = Release|Any CPU
		{98069F2E-E28A-4661-B6CB-04F9470B9772}.Release|x86.Build.0 = Release|Any CPU
		{14727772-5196-4213-8768-EDC3CA1098E1}.Debug|Any CPU.ActiveCfg = Debug|Any CPU
		{14727772-5196-4213-8768-EDC3CA1098E1}.Debug|Any CPU.Build.0 = Debug|Any CPU
		{14727772-5196-4213-8768-EDC3CA1098E1}.Debug|x86.ActiveCfg = Debug|Any CPU
		{14727772-5196-4213-8768-EDC3CA1098E1}.Debug|x86.Build.0 = Debug|Any CPU
		{14727772-5196-4213-8768-EDC3CA1098E1}.Release|Any CPU.ActiveCfg = Release|Any CPU
		{14727772-5196-4213-8768-EDC3CA1098E1}.Release|Any CPU.Build.0 = Release|Any CPU
		{14727772-5196-4213-8768-EDC3CA1098E1}.Release|x86.ActiveCfg = Release|Any CPU
		{14727772-5196-4213-8768-EDC3CA1098E1}.Release|x86.Build.0 = Release|Any CPU
		{FD57A314-9B85-4697-AE8C-DABD76A2B890}.Debug|Any CPU.ActiveCfg = Debug|Any CPU
		{FD57A314-9B85-4697-AE8C-DABD76A2B890}.Debug|Any CPU.Build.0 = Debug|Any CPU
		{FD57A314-9B85-4697-AE8C-DABD76A2B890}.Debug|x86.ActiveCfg = Debug|Any CPU
		{FD57A314-9B85-4697-AE8C-DABD76A2B890}.Debug|x86.Build.0 = Debug|Any CPU
		{FD57A314-9B85-4697-AE8C-DABD76A2B890}.Release|Any CPU.ActiveCfg = Release|Any CPU
		{FD57A314-9B85-4697-AE8C-DABD76A2B890}.Release|Any CPU.Build.0 = Release|Any CPU
		{FD57A314-9B85-4697-AE8C-DABD76A2B890}.Release|x86.ActiveCfg = Release|Any CPU
		{FD57A314-9B85-4697-AE8C-DABD76A2B890}.Release|x86.Build.0 = Release|Any CPU
		{60CCA455-4F93-48E4-A729-9F29B16C2C0F}.Debug|Any CPU.ActiveCfg = Debug|Any CPU
		{60CCA455-4F93-48E4-A729-9F29B16C2C0F}.Debug|Any CPU.Build.0 = Debug|Any CPU
		{60CCA455-4F93-48E4-A729-9F29B16C2C0F}.Debug|x86.ActiveCfg = Debug|Any CPU
		{60CCA455-4F93-48E4-A729-9F29B16C2C0F}.Debug|x86.Build.0 = Debug|Any CPU
		{60CCA455-4F93-48E4-A729-9F29B16C2C0F}.Release|Any CPU.ActiveCfg = Release|Any CPU
		{60CCA455-4F93-48E4-A729-9F29B16C2C0F}.Release|Any CPU.Build.0 = Release|Any CPU
		{60CCA455-4F93-48E4-A729-9F29B16C2C0F}.Release|x86.ActiveCfg = Release|Any CPU
		{60CCA455-4F93-48E4-A729-9F29B16C2C0F}.Release|x86.Build.0 = Release|Any CPU
		{1EF8E070-1EB6-478B-8B14-2CE8D4646421}.Debug|Any CPU.ActiveCfg = Debug|Any CPU
		{1EF8E070-1EB6-478B-8B14-2CE8D4646421}.Debug|Any CPU.Build.0 = Debug|Any CPU
		{1EF8E070-1EB6-478B-8B14-2CE8D4646421}.Debug|x86.ActiveCfg = Debug|Any CPU
		{1EF8E070-1EB6-478B-8B14-2CE8D4646421}.Debug|x86.Build.0 = Debug|Any CPU
		{1EF8E070-1EB6-478B-8B14-2CE8D4646421}.Release|Any CPU.ActiveCfg = Release|Any CPU
		{1EF8E070-1EB6-478B-8B14-2CE8D4646421}.Release|x86.ActiveCfg = Release|Any CPU
		{1EF8E070-1EB6-478B-8B14-2CE8D4646421}.Release|x86.Build.0 = Release|Any CPU
	EndGlobalSection
	GlobalSection(SolutionProperties) = preSolution
		HideSolutionNode = FALSE
	EndGlobalSection
EndGlobal
